PODS:
  - lottie-ios (2.5.2)
  - SnapKit (4.0.1)

DEPENDENCIES:
  - lottie-ios
  - SnapKit (~> 4.0.0)

SPEC REPOS:
  https://github.com/cocoapods/specs.git:
    - lottie-ios
    - SnapKit

SPEC CHECKSUMS:
  lottie-ios: 3fef45d3fabe63e3c7c2eb603dd64ddfffc73062
  SnapKit: 0de968a9fec17499afa29683b05d0c775b6d1c29

PODFILE CHECKSUM: 53a31b585bcbc6b9625427698dc282097a00bebb

COCOAPODS: 1.5.3
